// !$*UTF8*$!
{
	archiveVersion = 1;
	classes = {
	};
	objectVersion = 56;
	objects = {

/* Begin PBXBuildFile section */
		DD3145DD2CFEAD8F0098DA68 /* Response.swift in Sources */ = {isa = PBXBuildFile; fileRef = DD3145DC2CFEAD8F0098DA68 /* Response.swift */; };
		DD3145DF2CFEB0C40098DA68 /* Section.swift in Sources */ = {isa = PBXBuildFile; fileRef = DD3145DE2CFEB0C40098DA68 /* Section.swift */; };
		DD3145E12CFEB8910098DA68 /* LoadingReusableView.swift in Sources */ = {isa = PBXBuildFile; fileRef = DD3145E02CFEB8910098DA68 /* LoadingReusableView.swift */; };
		DD3145E32CFEC6010098DA68 /* FeedCell.swift in Sources */ = {isa = PBXBuildFile; fileRef = DD3145E22CFEC6010098DA68 /* FeedCell.swift */; };
		DD775E7A2D00471400EBED6A /* AnimeFetcher.swift in Sources */ = {isa = PBXBuildFile; fileRef = DD775E792D00471400EBED6A /* AnimeFetcher.swift */; };
		DDA6D3592D014F2B004E7FBF /* RealmSwift in Frameworks */ = {isa = PBXBuildFile; productRef = DDA6D3582D014F2B004E7FBF /* RealmSwift */; };
		DDA6D35B2D015232004E7FBF /* AnimeRealm.swift in Sources */ = {isa = PBXBuildFile; fileRef = DDA6D35A2D015232004E7FBF /* AnimeRealm.swift */; };
		DDA6D35D2D015799004E7FBF /* RealmDataManager.swift in Sources */ = {isa = PBXBuildFile; fileRef = DDA6D35C2D015799004E7FBF /* RealmDataManager.swift */; };
		DDA6D36E2D017E59004E7FBF /* FeedViewControllerTests.swift in Sources */ = {isa = PBXBuildFile; fileRef = DDA6D36D2D017E59004E7FBF /* FeedViewControllerTests.swift */; };
		DDA6D3702D017F8F004E7FBF /* MockAnimeLoader.swift in Sources */ = {isa = PBXBuildFile; fileRef = DDA6D36F2D017F8F004E7FBF /* MockAnimeLoader.swift */; };
		DDA6D3722D017FC6004E7FBF /* MockAnimeFetcher.swift in Sources */ = {isa = PBXBuildFile; fileRef = DDA6D3712D017FC6004E7FBF /* MockAnimeFetcher.swift */; };
		DDA6D3742D01800F004E7FBF /* MockRealmDataManager.swift in Sources */ = {isa = PBXBuildFile; fileRef = DDA6D3732D01800F004E7FBF /* MockRealmDataManager.swift */; };
		DDA6D3762D018145004E7FBF /* AnimeLoaderTests.swift in Sources */ = {isa = PBXBuildFile; fileRef = DDA6D3752D018145004E7FBF /* AnimeLoaderTests.swift */; };
		DDA6D3782D0181A6004E7FBF /* AnimeFetcherTests.swift in Sources */ = {isa = PBXBuildFile; fileRef = DDA6D3772D0181A6004E7FBF /* AnimeFetcherTests.swift */; };
		DDA6D37A2D01821E004E7FBF /* RealmDataManagerTests.swift in Sources */ = {isa = PBXBuildFile; fileRef = DDA6D3792D01821E004E7FBF /* RealmDataManagerTests.swift */; };
		DDA7633D2CFAA915000E77FA /* AppDelegate.swift in Sources */ = {isa = PBXBuildFile; fileRef = DDA7633C2CFAA915000E77FA /* AppDelegate.swift */; };
		DDA7633F2CFAA915000E77FA /* SceneDelegate.swift in Sources */ = {isa = PBXBuildFile; fileRef = DDA7633E2CFAA915000E77FA /* SceneDelegate.swift */; };
		DDA763412CFAA915000E77FA /* FeedViewController.swift in Sources */ = {isa = PBXBuildFile; fileRef = DDA763402CFAA915000E77FA /* FeedViewController.swift */; };
		DDA763462CFAA917000E77FA /* Assets.xcassets in Resources */ = {isa = PBXBuildFile; fileRef = DDA763452CFAA917000E77FA /* Assets.xcassets */; };
		DDA763492CFAA917000E77FA /* LaunchScreen.storyboard in Resources */ = {isa = PBXBuildFile; fileRef = DDA763472CFAA917000E77FA /* LaunchScreen.storyboard */; };
		DDB0DEC12CFD64C50042C9A9 /* AnimeLoader.swift in Sources */ = {isa = PBXBuildFile; fileRef = DDB0DEC02CFD64C50042C9A9 /* AnimeLoader.swift */; };
		DDB0DEC52CFD83380042C9A9 /* Anime.swift in Sources */ = {isa = PBXBuildFile; fileRef = DDB0DEC42CFD83380042C9A9 /* Anime.swift */; };
		DDB0DEC72CFDA72C0042C9A9 /* GenericViewController.swift in Sources */ = {isa = PBXBuildFile; fileRef = DDB0DEC62CFDA72C0042C9A9 /* GenericViewController.swift */; };
		DDB0DEC92CFDA7780042C9A9 /* FeedView.swift in Sources */ = {isa = PBXBuildFile; fileRef = DDB0DEC82CFDA7780042C9A9 /* FeedView.swift */; };
/* End PBXBuildFile section */

/* Begin PBXContainerItemProxy section */
		DDA6D3682D017B18004E7FBF /* PBXContainerItemProxy */ = {
			isa = PBXContainerItemProxy;
			containerPortal = DDA763312CFAA915000E77FA /* Project object */;
			proxyType = 1;
			remoteGlobalIDString = DDA763382CFAA915000E77FA;
			remoteInfo = InfinityFeed;
		};
/* End PBXContainerItemProxy section */

/* Begin PBXCopyFilesBuildPhase section */
		DD0FE2372D0146B2006C8754 /* Embed Frameworks */ = {
			isa = PBXCopyFilesBuildPhase;
			buildActionMask = 2147483647;
			dstPath = "";
			dstSubfolderSpec = 10;
			files = (
			);
			name = "Embed Frameworks";
			runOnlyForDeploymentPostprocessing = 0;
		};
/* End PBXCopyFilesBuildPhase section */

/* Begin PBXFileReference section */
		DD3145DC2CFEAD8F0098DA68 /* Response.swift */ = {isa = PBXFileReference; lastKnownFileType = sourcecode.swift; path = Response.swift; sourceTree = "<group>"; };
		DD3145DE2CFEB0C40098DA68 /* Section.swift */ = {isa = PBXFileReference; lastKnownFileType = sourcecode.swift; path = Section.swift; sourceTree = "<group>"; };
		DD3145E02CFEB8910098DA68 /* LoadingReusableView.swift */ = {isa = PBXFileReference; lastKnownFileType = sourcecode.swift; path = LoadingReusableView.swift; sourceTree = "<group>"; };
		DD3145E22CFEC6010098DA68 /* FeedCell.swift */ = {isa = PBXFileReference; lastKnownFileType = sourcecode.swift; path = FeedCell.swift; sourceTree = "<group>"; };
		DD775E792D00471400EBED6A /* AnimeFetcher.swift */ = {isa = PBXFileReference; lastKnownFileType = sourcecode.swift; path = AnimeFetcher.swift; sourceTree = "<group>"; };
		DDA6D35A2D015232004E7FBF /* AnimeRealm.swift */ = {isa = PBXFileReference; lastKnownFileType = sourcecode.swift; path = AnimeRealm.swift; sourceTree = "<group>"; };
		DDA6D35C2D015799004E7FBF /* RealmDataManager.swift */ = {isa = PBXFileReference; lastKnownFileType = sourcecode.swift; path = RealmDataManager.swift; sourceTree = "<group>"; };
		DDA6D3642D017B18004E7FBF /* InfinityFeedTests.xctest */ = {isa = PBXFileReference; explicitFileType = wrapper.cfbundle; includeInIndex = 0; path = InfinityFeedTests.xctest; sourceTree = BUILT_PRODUCTS_DIR; };
		DDA6D36D2D017E59004E7FBF /* FeedViewControllerTests.swift */ = {isa = PBXFileReference; lastKnownFileType = sourcecode.swift; path = FeedViewControllerTests.swift; sourceTree = "<group>"; };
		DDA6D36F2D017F8F004E7FBF /* MockAnimeLoader.swift */ = {isa = PBXFileReference; lastKnownFileType = sourcecode.swift; path = MockAnimeLoader.swift; sourceTree = "<group>"; };
		DDA6D3712D017FC6004E7FBF /* MockAnimeFetcher.swift */ = {isa = PBXFileReference; lastKnownFileType = sourcecode.swift; path = MockAnimeFetcher.swift; sourceTree = "<group>"; };
		DDA6D3732D01800F004E7FBF /* MockRealmDataManager.swift */ = {isa = PBXFileReference; lastKnownFileType = sourcecode.swift; path = MockRealmDataManager.swift; sourceTree = "<group>"; };
		DDA6D3752D018145004E7FBF /* AnimeLoaderTests.swift */ = {isa = PBXFileReference; lastKnownFileType = sourcecode.swift; path = AnimeLoaderTests.swift; sourceTree = "<group>"; };
		DDA6D3772D0181A6004E7FBF /* AnimeFetcherTests.swift */ = {isa = PBXFileReference; lastKnownFileType = sourcecode.swift; path = AnimeFetcherTests.swift; sourceTree = "<group>"; };
		DDA6D3792D01821E004E7FBF /* RealmDataManagerTests.swift */ = {isa = PBXFileReference; lastKnownFileType = sourcecode.swift; path = RealmDataManagerTests.swift; sourceTree = "<group>"; };
		DDA763392CFAA915000E77FA /* InfinityFeed.app */ = {isa = PBXFileReference; explicitFileType = wrapper.application; includeInIndex = 0; path = InfinityFeed.app; sourceTree = BUILT_PRODUCTS_DIR; };
		DDA7633C2CFAA915000E77FA /* AppDelegate.swift */ = {isa = PBXFileReference; lastKnownFileType = sourcecode.swift; path = AppDelegate.swift; sourceTree = "<group>"; };
		DDA7633E2CFAA915000E77FA /* SceneDelegate.swift */ = {isa = PBXFileReference; lastKnownFileType = sourcecode.swift; path = SceneDelegate.swift; sourceTree = "<group>"; };
		DDA763402CFAA915000E77FA /* FeedViewController.swift */ = {isa = PBXFileReference; lastKnownFileType = sourcecode.swift; path = FeedViewController.swift; sourceTree = "<group>"; };
		DDA763452CFAA917000E77FA /* Assets.xcassets */ = {isa = PBXFileReference; lastKnownFileType = folder.assetcatalog; path = Assets.xcassets; sourceTree = "<group>"; };
		DDA763482CFAA917000E77FA /* Base */ = {isa = PBXFileReference; lastKnownFileType = file.storyboard; name = Base; path = Base.lproj/LaunchScreen.storyboard; sourceTree = "<group>"; };
		DDA7634A2CFAA917000E77FA /* Info.plist */ = {isa = PBXFileReference; lastKnownFileType = text.plist.xml; path = Info.plist; sourceTree = "<group>"; };
		DDB0DEC02CFD64C50042C9A9 /* AnimeLoader.swift */ = {isa = PBXFileReference; lastKnownFileType = sourcecode.swift; path = AnimeLoader.swift; sourceTree = "<group>"; };
		DDB0DEC42CFD83380042C9A9 /* Anime.swift */ = {isa = PBXFileReference; lastKnownFileType = sourcecode.swift; path = Anime.swift; sourceTree = "<group>"; };
		DDB0DEC62CFDA72C0042C9A9 /* GenericViewController.swift */ = {isa = PBXFileReference; lastKnownFileType = sourcecode.swift; path = GenericViewController.swift; sourceTree = "<group>"; };
		DDB0DEC82CFDA7780042C9A9 /* FeedView.swift */ = {isa = PBXFileReference; lastKnownFileType = sourcecode.swift; path = FeedView.swift; sourceTree = "<group>"; };
/* End PBXFileReference section */

/* Begin PBXFrameworksBuildPhase section */
		DDA6D3612D017B18004E7FBF /* Frameworks */ = {
			isa = PBXFrameworksBuildPhase;
			buildActionMask = 2147483647;
			files = (
			);
			runOnlyForDeploymentPostprocessing = 0;
		};
		DDA763362CFAA915000E77FA /* Frameworks */ = {
			isa = PBXFrameworksBuildPhase;
			buildActionMask = 2147483647;
			files = (
				DDA6D3592D014F2B004E7FBF /* RealmSwift in Frameworks */,
			);
			runOnlyForDeploymentPostprocessing = 0;
		};
/* End PBXFrameworksBuildPhase section */

/* Begin PBXGroup section */
		DDA6D3652D017B18004E7FBF /* InfinityFeedTests */ = {
			isa = PBXGroup;
			children = (
				DDA6D37C2D018228004E7FBF /* Tests */,
				DDA6D37B2D018223004E7FBF /* Mock */,
			);
			path = InfinityFeedTests;
			sourceTree = "<group>";
		};
		DDA6D37B2D018223004E7FBF /* Mock */ = {
			isa = PBXGroup;
			children = (
				DDA6D36F2D017F8F004E7FBF /* MockAnimeLoader.swift */,
				DDA6D3712D017FC6004E7FBF /* MockAnimeFetcher.swift */,
				DDA6D3732D01800F004E7FBF /* MockRealmDataManager.swift */,
			);
			path = Mock;
			sourceTree = "<group>";
		};
		DDA6D37C2D018228004E7FBF /* Tests */ = {
			isa = PBXGroup;
			children = (
				DDA6D36D2D017E59004E7FBF /* FeedViewControllerTests.swift */,
				DDA6D3752D018145004E7FBF /* AnimeLoaderTests.swift */,
				DDA6D3772D0181A6004E7FBF /* AnimeFetcherTests.swift */,
				DDA6D3792D01821E004E7FBF /* RealmDataManagerTests.swift */,
			);
			path = Tests;
			sourceTree = "<group>";
		};
		DDA763302CFAA915000E77FA = {
			isa = PBXGroup;
			children = (
				DDA7633B2CFAA915000E77FA /* InfinityFeed */,
				DDA6D3652D017B18004E7FBF /* InfinityFeedTests */,
				DDA7633A2CFAA915000E77FA /* Products */,
			);
			sourceTree = "<group>";
		};
		DDA7633A2CFAA915000E77FA /* Products */ = {
			isa = PBXGroup;
			children = (
				DDA763392CFAA915000E77FA /* InfinityFeed.app */,
				DDA6D3642D017B18004E7FBF /* InfinityFeedTests.xctest */,
			);
			name = Products;
			sourceTree = "<group>";
		};
		DDA7633B2CFAA915000E77FA /* InfinityFeed */ = {
			isa = PBXGroup;
			children = (
				DDA9D67F2CFC1C9600C9D2A9 /* Screens */,
				DDA9D6812CFC1CA500C9D2A9 /* Network */,
				DDA9D6802CFC1C9A00C9D2A9 /* Persistence */,
				DDA9D67E2CFC1C5100C9D2A9 /* Helpers */,
				DDA9D67D2CFC1C4100C9D2A9 /* Resources */,
			);
			path = InfinityFeed;
			sourceTree = "<group>";
		};
		DDA9D67D2CFC1C4100C9D2A9 /* Resources */ = {
			isa = PBXGroup;
			children = (
				DDA7633C2CFAA915000E77FA /* AppDelegate.swift */,
				DDA7633E2CFAA915000E77FA /* SceneDelegate.swift */,
				DDA763472CFAA917000E77FA /* LaunchScreen.storyboard */,
				DDA763452CFAA917000E77FA /* Assets.xcassets */,
				DDA7634A2CFAA917000E77FA /* Info.plist */,
			);
			path = Resources;
			sourceTree = "<group>";
		};
		DDA9D67E2CFC1C5100C9D2A9 /* Helpers */ = {
			isa = PBXGroup;
			children = (
				DDB0DEC62CFDA72C0042C9A9 /* GenericViewController.swift */,
			);
			path = Helpers;
			sourceTree = "<group>";
		};
		DDA9D67F2CFC1C9600C9D2A9 /* Screens */ = {
			isa = PBXGroup;
			children = (
				DDB0DEBF2CFD41FF0042C9A9 /* Feed */,
			);
			path = Screens;
			sourceTree = "<group>";
		};
		DDA9D6802CFC1C9A00C9D2A9 /* Persistence */ = {
			isa = PBXGroup;
			children = (
				DDA6D35C2D015799004E7FBF /* RealmDataManager.swift */,
				DDA6D35A2D015232004E7FBF /* AnimeRealm.swift */,
			);
			path = Persistence;
			sourceTree = "<group>";
		};
		DDA9D6812CFC1CA500C9D2A9 /* Network */ = {
			isa = PBXGroup;
			children = (
				DD3145DC2CFEAD8F0098DA68 /* Response.swift */,
				DDB0DEC02CFD64C50042C9A9 /* AnimeLoader.swift */,
				DD775E792D00471400EBED6A /* AnimeFetcher.swift */,
			);
			path = Network;
			sourceTree = "<group>";
		};
		DDA9D6822CFC1CAE00C9D2A9 /* Model */ = {
			isa = PBXGroup;
			children = (
				DDB0DEC42CFD83380042C9A9 /* Anime.swift */,
				DD3145DE2CFEB0C40098DA68 /* Section.swift */,
			);
			path = Model;
			sourceTree = "<group>";
		};
		DDB0DEBF2CFD41FF0042C9A9 /* Feed */ = {
			isa = PBXGroup;
			children = (
				DDA9D6822CFC1CAE00C9D2A9 /* Model */,
				DDB0DECB2CFDA7DD0042C9A9 /* Controller */,
				DDB0DECA2CFDA7DA0042C9A9 /* View */,
			);
			path = Feed;
			sourceTree = "<group>";
		};
		DDB0DECA2CFDA7DA0042C9A9 /* View */ = {
			isa = PBXGroup;
			children = (
				DDB0DEC82CFDA7780042C9A9 /* FeedView.swift */,
				DD3145E02CFEB8910098DA68 /* LoadingReusableView.swift */,
				DD3145E22CFEC6010098DA68 /* FeedCell.swift */,
			);
			path = View;
			sourceTree = "<group>";
		};
		DDB0DECB2CFDA7DD0042C9A9 /* Controller */ = {
			isa = PBXGroup;
			children = (
				DDA763402CFAA915000E77FA /* FeedViewController.swift */,
			);
			path = Controller;
			sourceTree = "<group>";
		};
/* End PBXGroup section */

/* Begin PBXNativeTarget section */
		DDA6D3632D017B18004E7FBF /* InfinityFeedTests */ = {
			isa = PBXNativeTarget;
			buildConfigurationList = DDA6D36A2D017B18004E7FBF /* Build configuration list for PBXNativeTarget "InfinityFeedTests" */;
			buildPhases = (
				DDA6D3602D017B18004E7FBF /* Sources */,
				DDA6D3612D017B18004E7FBF /* Frameworks */,
				DDA6D3622D017B18004E7FBF /* Resources */,
			);
			buildRules = (
			);
			dependencies = (
				DDA6D3692D017B18004E7FBF /* PBXTargetDependency */,
			);
			name = InfinityFeedTests;
			productName = InfinityFeedTests;
			productReference = DDA6D3642D017B18004E7FBF /* InfinityFeedTests.xctest */;
			productType = "com.apple.product-type.bundle.unit-test";
		};
		DDA763382CFAA915000E77FA /* InfinityFeed */ = {
			isa = PBXNativeTarget;
			buildConfigurationList = DDA7634D2CFAA917000E77FA /* Build configuration list for PBXNativeTarget "InfinityFeed" */;
			buildPhases = (
				DDA763352CFAA915000E77FA /* Sources */,
				DDA763362CFAA915000E77FA /* Frameworks */,
				DDA763372CFAA915000E77FA /* Resources */,
				DD0FE2372D0146B2006C8754 /* Embed Frameworks */,
			);
			buildRules = (
			);
			dependencies = (
			);
			name = InfinityFeed;
			packageProductDependencies = (
				DDA6D3582D014F2B004E7FBF /* RealmSwift */,
			);
			productName = InfinityFeed;
			productReference = DDA763392CFAA915000E77FA /* InfinityFeed.app */;
			productType = "com.apple.product-type.application";
		};
/* End PBXNativeTarget section */

/* Begin PBXProject section */
		DDA763312CFAA915000E77FA /* Project object */ = {
			isa = PBXProject;
			attributes = {
				BuildIndependentTargetsInParallel = 1;
				LastSwiftUpdateCheck = 1420;
				LastUpgradeCheck = 1420;
				TargetAttributes = {
					DDA6D3632D017B18004E7FBF = {
						CreatedOnToolsVersion = 14.2;
						TestTargetID = DDA763382CFAA915000E77FA;
					};
					DDA763382CFAA915000E77FA = {
						CreatedOnToolsVersion = 14.2;
					};
				};
			};
			buildConfigurationList = DDA763342CFAA915000E77FA /* Build configuration list for PBXProject "InfinityFeed" */;
			compatibilityVersion = "Xcode 14.0";
			developmentRegion = en;
			hasScannedForEncodings = 0;
			knownRegions = (
				en,
				Base,
			);
			mainGroup = DDA763302CFAA915000E77FA;
			packageReferences = (
				DDA6D3572D014F2B004E7FBF /* XCRemoteSwiftPackageReference "realm-swift" */,
			);
			productRefGroup = DDA7633A2CFAA915000E77FA /* Products */;
			projectDirPath = "";
			projectRoot = "";
			targets = (
				DDA763382CFAA915000E77FA /* InfinityFeed */,
				DDA6D3632D017B18004E7FBF /* InfinityFeedTests */,
			);
		};
/* End PBXProject section */

/* Begin PBXResourcesBuildPhase section */
		DDA6D3622D017B18004E7FBF /* Resources */ = {
			isa = PBXResourcesBuildPhase;
			buildActionMask = 2147483647;
			files = (
			);
			runOnlyForDeploymentPostprocessing = 0;
		};
		DDA763372CFAA915000E77FA /* Resources */ = {
			isa = PBXResourcesBuildPhase;
			buildActionMask = 2147483647;
			files = (
				DDA763492CFAA917000E77FA /* LaunchScreen.storyboard in Resources */,
				DDA763462CFAA917000E77FA /* Assets.xcassets in Resources */,
			);
			runOnlyForDeploymentPostprocessing = 0;
		};
/* End PBXResourcesBuildPhase section */

/* Begin PBXSourcesBuildPhase section */
		DDA6D3602D017B18004E7FBF /* Sources */ = {
			isa = PBXSourcesBuildPhase;
			buildActionMask = 2147483647;
			files = (
				DDA6D36E2D017E59004E7FBF /* FeedViewControllerTests.swift in Sources */,
				DDA6D3762D018145004E7FBF /* AnimeLoaderTests.swift in Sources */,
				DDA6D3702D017F8F004E7FBF /* MockAnimeLoader.swift in Sources */,
				DDA6D37A2D01821E004E7FBF /* RealmDataManagerTests.swift in Sources */,
				DDA6D3722D017FC6004E7FBF /* MockAnimeFetcher.swift in Sources */,
				DDA6D3782D0181A6004E7FBF /* AnimeFetcherTests.swift in Sources */,
				DDA6D3742D01800F004E7FBF /* MockRealmDataManager.swift in Sources */,
			);
			runOnlyForDeploymentPostprocessing = 0;
		};
		DDA763352CFAA915000E77FA /* Sources */ = {
			isa = PBXSourcesBuildPhase;
			buildActionMask = 2147483647;
			files = (
				DD3145DF2CFEB0C40098DA68 /* Section.swift in Sources */,
				DDB0DEC92CFDA7780042C9A9 /* FeedView.swift in Sources */,
				DD3145E32CFEC6010098DA68 /* FeedCell.swift in Sources */,
				DDA763412CFAA915000E77FA /* FeedViewController.swift in Sources */,
				DD775E7A2D00471400EBED6A /* AnimeFetcher.swift in Sources */,
				DDA7633D2CFAA915000E77FA /* AppDelegate.swift in Sources */,
				DDA7633F2CFAA915000E77FA /* SceneDelegate.swift in Sources */,
				DD3145DD2CFEAD8F0098DA68 /* Response.swift in Sources */,
				DDB0DEC72CFDA72C0042C9A9 /* GenericViewController.swift in Sources */,
				DDB0DEC12CFD64C50042C9A9 /* AnimeLoader.swift in Sources */,
				DDA6D35B2D015232004E7FBF /* AnimeRealm.swift in Sources */,
				DDA6D35D2D015799004E7FBF /* RealmDataManager.swift in Sources */,
				DD3145E12CFEB8910098DA68 /* LoadingReusableView.swift in Sources */,
				DDB0DEC52CFD83380042C9A9 /* Anime.swift in Sources */,
			);
			runOnlyForDeploymentPostprocessing = 0;
		};
/* End PBXSourcesBuildPhase section */

/* Begin PBXTargetDependency section */
		DDA6D3692D017B18004E7FBF /* PBXTargetDependency */ = {
			isa = PBXTargetDependency;
			target = DDA763382CFAA915000E77FA /* InfinityFeed */;
			targetProxy = DDA6D3682D017B18004E7FBF /* PBXContainerItemProxy */;
		};
/* End PBXTargetDependency section */

/* Begin PBXVariantGroup section */
		DDA763472CFAA917000E77FA /* LaunchScreen.storyboard */ = {
			isa = PBXVariantGroup;
			children = (
				DDA763482CFAA917000E77FA /* Base */,
			);
			name = LaunchScreen.storyboard;
			sourceTree = "<group>";
		};
/* End PBXVariantGroup section */

/* Begin XCBuildConfiguration section */
		DDA6D36B2D017B18004E7FBF /* Debug */ = {
			isa = XCBuildConfiguration;
			buildSettings = {
				BUNDLE_LOADER = "$(TEST_HOST)";
				CODE_SIGN_STYLE = Automatic;
				CURRENT_PROJECT_VERSION = 1;
				DEVELOPMENT_TEAM = 7YW3V66545;
				GENERATE_INFOPLIST_FILE = YES;
				IPHONEOS_DEPLOYMENT_TARGET = 16.2;
				MARKETING_VERSION = 1.0;
				PRODUCT_BUNDLE_IDENTIFIER = HieroniusTeam.InfinityFeedTests;
				PRODUCT_NAME = "$(TARGET_NAME)";
				SWIFT_EMIT_LOC_STRINGS = NO;
				SWIFT_VERSION = 5.0;
				TARGETED_DEVICE_FAMILY = "1,2";
				TEST_HOST = "$(BUILT_PRODUCTS_DIR)/InfinityFeed.app/$(BUNDLE_EXECUTABLE_FOLDER_PATH)/InfinityFeed";
			};
			name = Debug;
		};
		DDA6D36C2D017B18004E7FBF /* Release */ = {
			isa = XCBuildConfiguration;
			buildSettings = {
				BUNDLE_LOADER = "$(TEST_HOST)";
				CODE_SIGN_STYLE = Automatic;
				CURRENT_PROJECT_VERSION = 1;
				DEVELOPMENT_TEAM = 7YW3V66545;
				GENERATE_INFOPLIST_FILE = YES;
				IPHONEOS_DEPLOYMENT_TARGET = 16.2;
				MARKETING_VERSION = 1.0;
				PRODUCT_BUNDLE_IDENTIFIER = HieroniusTeam.InfinityFeedTests;
				PRODUCT_NAME = "$(TARGET_NAME)";
				SWIFT_EMIT_LOC_STRINGS = NO;
				SWIFT_VERSION = 5.0;
				TARGETED_DEVICE_FAMILY = "1,2";
				TEST_HOST = "$(BUILT_PRODUCTS_DIR)/InfinityFeed.app/$(BUNDLE_EXECUTABLE_FOLDER_PATH)/InfinityFeed";
			};
			name = Release;
		};
		DDA7634B2CFAA917000E77FA /* Debug */ = {
			isa = XCBuildConfiguration;
			buildSettings = {
				ALWAYS_SEARCH_USER_PATHS = NO;
				CLANG_ANALYZER_NONNULL = YES;
				CLANG_ANALYZER_NUMBER_OBJECT_CONVERSION = YES_AGGRESSIVE;
				CLANG_CXX_LANGUAGE_STANDARD = "gnu++20";
				CLANG_ENABLE_MODULES = YES;
				CLANG_ENABLE_OBJC_ARC = YES;
				CLANG_ENABLE_OBJC_WEAK = YES;
				CLANG_WARN_BLOCK_CAPTURE_AUTORELEASING = YES;
				CLANG_WARN_BOOL_CONVERSION = YES;
				CLANG_WARN_COMMA = YES;
				CLANG_WARN_CONSTANT_CONVERSION = YES;
				CLANG_WARN_DEPRECATED_OBJC_IMPLEMENTATIONS = YES;
				CLANG_WARN_DIRECT_OBJC_ISA_USAGE = YES_ERROR;
				CLANG_WARN_DOCUMENTATION_COMMENTS = YES;
				CLANG_WARN_EMPTY_BODY = YES;
				CLANG_WARN_ENUM_CONVERSION = YES;
				CLANG_WARN_INFINITE_RECURSION = YES;
				CLANG_WARN_INT_CONVERSION = YES;
				CLANG_WARN_NON_LITERAL_NULL_CONVERSION = YES;
				CLANG_WARN_OBJC_IMPLICIT_RETAIN_SELF = YES;
				CLANG_WARN_OBJC_LITERAL_CONVERSION = YES;
				CLANG_WARN_OBJC_ROOT_CLASS = YES_ERROR;
				CLANG_WARN_QUOTED_INCLUDE_IN_FRAMEWORK_HEADER = YES;
				CLANG_WARN_RANGE_LOOP_ANALYSIS = YES;
				CLANG_WARN_STRICT_PROTOTYPES = YES;
				CLANG_WARN_SUSPICIOUS_MOVE = YES;
				CLANG_WARN_UNGUARDED_AVAILABILITY = YES_AGGRESSIVE;
				CLANG_WARN_UNREACHABLE_CODE = YES;
				CLANG_WARN__DUPLICATE_METHOD_MATCH = YES;
				COPY_PHASE_STRIP = NO;
				DEBUG_INFORMATION_FORMAT = dwarf;
				ENABLE_STRICT_OBJC_MSGSEND = YES;
				ENABLE_TESTABILITY = YES;
				GCC_C_LANGUAGE_STANDARD = gnu11;
				GCC_DYNAMIC_NO_PIC = NO;
				GCC_NO_COMMON_BLOCKS = YES;
				GCC_OPTIMIZATION_LEVEL = 0;
				GCC_PREPROCESSOR_DEFINITIONS = (
					"DEBUG=1",
					"$(inherited)",
				);
				GCC_WARN_64_TO_32_BIT_CONVERSION = YES;
				GCC_WARN_ABOUT_RETURN_TYPE = YES_ERROR;
				GCC_WARN_UNDECLARED_SELECTOR = YES;
				GCC_WARN_UNINITIALIZED_AUTOS = YES_AGGRESSIVE;
				GCC_WARN_UNUSED_FUNCTION = YES;
				GCC_WARN_UNUSED_VARIABLE = YES;
				IPHONEOS_DEPLOYMENT_TARGET = 15.0;
				MTL_ENABLE_DEBUG_INFO = INCLUDE_SOURCE;
				MTL_FAST_MATH = YES;
				ONLY_ACTIVE_ARCH = YES;
				SDKROOT = iphoneos;
				SWIFT_ACTIVE_COMPILATION_CONDITIONS = DEBUG;
				SWIFT_OPTIMIZATION_LEVEL = "-Onone";
			};
			name = Debug;
		};
		DDA7634C2CFAA917000E77FA /* Release */ = {
			isa = XCBuildConfiguration;
			buildSettings = {
				ALWAYS_SEARCH_USER_PATHS = NO;
				CLANG_ANALYZER_NONNULL = YES;
				CLANG_ANALYZER_NUMBER_OBJECT_CONVERSION = YES_AGGRESSIVE;
				CLANG_CXX_LANGUAGE_STANDARD = "gnu++20";
				CLANG_ENABLE_MODULES = YES;
				CLANG_ENABLE_OBJC_ARC = YES;
				CLANG_ENABLE_OBJC_WEAK = YES;
				CLANG_WARN_BLOCK_CAPTURE_AUTORELEASING = YES;
				CLANG_WARN_BOOL_CONVERSION = YES;
				CLANG_WARN_COMMA = YES;
				CLANG_WARN_CONSTANT_CONVERSION = YES;
				CLANG_WARN_DEPRECATED_OBJC_IMPLEMENTATIONS = YES;
				CLANG_WARN_DIRECT_OBJC_ISA_USAGE = YES_ERROR;
				CLANG_WARN_DOCUMENTATION_COMMENTS = YES;
				CLANG_WARN_EMPTY_BODY = YES;
				CLANG_WARN_ENUM_CONVERSION = YES;
				CLANG_WARN_INFINITE_RECURSION = YES;
				CLANG_WARN_INT_CONVERSION = YES;
				CLANG_WARN_NON_LITERAL_NULL_CONVERSION = YES;
				CLANG_WARN_OBJC_IMPLICIT_RETAIN_SELF = YES;
				CLANG_WARN_OBJC_LITERAL_CONVERSION = YES;
				CLANG_WARN_OBJC_ROOT_CLASS = YES_ERROR;
				CLANG_WARN_QUOTED_INCLUDE_IN_FRAMEWORK_HEADER = YES;
				CLANG_WARN_RANGE_LOOP_ANALYSIS = YES;
				CLANG_WARN_STRICT_PROTOTYPES = YES;
				CLANG_WARN_SUSPICIOUS_MOVE = YES;
				CLANG_WARN_UNGUARDED_AVAILABILITY = YES_AGGRESSIVE;
				CLANG_WARN_UNREACHABLE_CODE = YES;
				CLANG_WARN__DUPLICATE_METHOD_MATCH = YES;
				COPY_PHASE_STRIP = NO;
				DEBUG_INFORMATION_FORMAT = "dwarf-with-dsym";
				ENABLE_NS_ASSERTIONS = NO;
				ENABLE_STRICT_OBJC_MSGSEND = YES;
				GCC_C_LANGUAGE_STANDARD = gnu11;
				GCC_NO_COMMON_BLOCKS = YES;
				GCC_WARN_64_TO_32_BIT_CONVERSION = YES;
				GCC_WARN_ABOUT_RETURN_TYPE = YES_ERROR;
				GCC_WARN_UNDECLARED_SELECTOR = YES;
				GCC_WARN_UNINITIALIZED_AUTOS = YES_AGGRESSIVE;
				GCC_WARN_UNUSED_FUNCTION = YES;
				GCC_WARN_UNUSED_VARIABLE = YES;
				IPHONEOS_DEPLOYMENT_TARGET = 15.0;
				MTL_ENABLE_DEBUG_INFO = NO;
				MTL_FAST_MATH = YES;
				SDKROOT = iphoneos;
				SWIFT_COMPILATION_MODE = wholemodule;
				SWIFT_OPTIMIZATION_LEVEL = "-O";
				VALIDATE_PRODUCT = YES;
			};
			name = Release;
		};
		DDA7634E2CFAA917000E77FA /* Debug */ = {
			isa = XCBuildConfiguration;
			buildSettings = {
				ASSETCATALOG_COMPILER_APPICON_NAME = AppIcon;
				ASSETCATALOG_COMPILER_GLOBAL_ACCENT_COLOR_NAME = AccentColor;
				CODE_SIGN_STYLE = Automatic;
				CURRENT_PROJECT_VERSION = 1;
				DEVELOPMENT_TEAM = 7YW3V66545;
				GENERATE_INFOPLIST_FILE = YES;
				INFOPLIST_FILE = InfinityFeed/Resources/Info.plist;
				INFOPLIST_KEY_UIApplicationSupportsIndirectInputEvents = YES;
				INFOPLIST_KEY_UILaunchStoryboardName = LaunchScreen;
				INFOPLIST_KEY_UISupportedInterfaceOrientations = UIInterfaceOrientationPortrait;
				INFOPLIST_KEY_UISupportedInterfaceOrientations_iPad = "UIInterfaceOrientationLandscapeLeft UIInterfaceOrientationLandscapeRight UIInterfaceOrientationPortrait UIInterfaceOrientationPortraitUpsideDown";
				LD_RUNPATH_SEARCH_PATHS = (
					"$(inherited)",
					"@executable_path/Frameworks",
				);
				MARKETING_VERSION = 1.0;
				PRODUCT_BUNDLE_IDENTIFIER = HieroniusTeam.InfinityFeed;
				PRODUCT_NAME = "$(TARGET_NAME)";
				SUPPORTED_PLATFORMS = "iphoneos iphonesimulator";
				SUPPORTS_MACCATALYST = NO;
				SUPPORTS_MAC_DESIGNED_FOR_IPHONE_IPAD = NO;
				SWIFT_EMIT_LOC_STRINGS = YES;
				SWIFT_VERSION = 5.0;
				TARGETED_DEVICE_FAMILY = 1;
			};
			name = Debug;
		};
		DDA7634F2CFAA917000E77FA /* Release */ = {
			isa = XCBuildConfiguration;
			buildSettings = {
				ASSETCATALOG_COMPILER_APPICON_NAME = AppIcon;
				ASSETCATALOG_COMPILER_GLOBAL_ACCENT_COLOR_NAME = AccentColor;
				CODE_SIGN_STYLE = Automatic;
				CURRENT_PROJECT_VERSION = 1;
				DEVELOPMENT_TEAM = 7YW3V66545;
				GENERATE_INFOPLIST_FILE = YES;
				INFOPLIST_FILE = InfinityFeed/Resources/Info.plist;
				INFOPLIST_KEY_UIApplicationSupportsIndirectInputEvents = YES;
				INFOPLIST_KEY_UILaunchStoryboardName = LaunchScreen;
				INFOPLIST_KEY_UISupportedInterfaceOrientations = UIInterfaceOrientationPortrait;
				INFOPLIST_KEY_UISupportedInterfaceOrientations_iPad = "UIInterfaceOrientationLandscapeLeft UIInterfaceOrientationLandscapeRight UIInterfaceOrientationPortrait UIInterfaceOrientationPortraitUpsideDown";
				LD_RUNPATH_SEARCH_PATHS = (
					"$(inherited)",
					"@executable_path/Frameworks",
				);
				MARKETING_VERSION = 1.0;
				PRODUCT_BUNDLE_IDENTIFIER = HieroniusTeam.InfinityFeed;
				PRODUCT_NAME = "$(TARGET_NAME)";
				SUPPORTED_PLATFORMS = "iphoneos iphonesimulator";
				SUPPORTS_MACCATALYST = NO;
				SUPPORTS_MAC_DESIGNED_FOR_IPHONE_IPAD = NO;
				SWIFT_EMIT_LOC_STRINGS = YES;
				SWIFT_VERSION = 5.0;
				TARGETED_DEVICE_FAMILY = 1;
			};
			name = Release;
		};
/* End XCBuildConfiguration section */

/* Begin XCConfigurationList section */
		DDA6D36A2D017B18004E7FBF /* Build configuration list for PBXNativeTarget "InfinityFeedTests" */ = {
			isa = XCConfigurationList;
			buildConfigurations = (
				DDA6D36B2D017B18004E7FBF /* Debug */,
				DDA6D36C2D017B18004E7FBF /* Release */,
			);
			defaultConfigurationIsVisible = 0;
			defaultConfigurationName = Release;
		};
		DDA763342CFAA915000E77FA /* Build configuration list for PBXProject "InfinityFeed" */ = {
			isa = XCConfigurationList;
			buildConfigurations = (
				DDA7634B2CFAA917000E77FA /* Debug */,
				DDA7634C2CFAA917000E77FA /* Release */,
			);
			defaultConfigurationIsVisible = 0;
			defaultConfigurationName = Release;
		};
		DDA7634D2CFAA917000E77FA /* Build configuration list for PBXNativeTarget "InfinityFeed" */ = {
			isa = XCConfigurationList;
			buildConfigurations = (
				DDA7634E2CFAA917000E77FA /* Debug */,
				DDA7634F2CFAA917000E77FA /* Release */,
			);
			defaultConfigurationIsVisible = 0;
			defaultConfigurationName = Release;
		};
/* End XCConfigurationList section */

/* Begin XCRemoteSwiftPackageReference section */
		DDA6D3572D014F2B004E7FBF /* XCRemoteSwiftPackageReference "realm-swift" */ = {
			isa = XCRemoteSwiftPackageReference;
			repositoryURL = "https://github.com/realm/realm-swift.git";
			requirement = {
				kind = exactVersion;
				version = 10.47.0;
			};
		};
/* End XCRemoteSwiftPackageReference section */

/* Begin XCSwiftPackageProductDependency section */
		DDA6D3582D014F2B004E7FBF /* RealmSwift */ = {
			isa = XCSwiftPackageProductDependency;
			package = DDA6D3572D014F2B004E7FBF /* XCRemoteSwiftPackageReference "realm-swift" */;
			productName = RealmSwift;
		};
/* End XCSwiftPackageProductDependency section */
	};
	rootObject = DDA763312CFAA915000E77FA /* Project object */;
}
