// !$*UTF8*$!
{
	archiveVersion = 1;
	classes = {
	};
	objectVersion = 56;
	objects = {

/* Begin PBXBuildFile section */
		DDA7633D2CFAA915000E77FA /* AppDelegate.swift in Sources */ = {isa = PBXBuildFile; fileRef = DDA7633C2CFAA915000E77FA /* AppDelegate.swift */; };
		DDA7633F2CFAA915000E77FA /* SceneDelegate.swift in Sources */ = {isa = PBXBuildFile; fileRef = DDA7633E2CFAA915000E77FA /* SceneDelegate.swift */; };
		DDA763412CFAA915000E77FA /* FeedViewController.swift in Sources */ = {isa = PBXBuildFile; fileRef = DDA763402CFAA915000E77FA /* FeedViewController.swift */; };
		DDA763462CFAA917000E77FA /* Assets.xcassets in Resources */ = {isa = PBXBuildFile; fileRef = DDA763452CFAA917000E77FA /* Assets.xcassets */; };
		DDA763492CFAA917000E77FA /* LaunchScreen.storyboard in Resources */ = {isa = PBXBuildFile; fileRef = DDA763472CFAA917000E77FA /* LaunchScreen.storyboard */; };
		DDB0DEC12CFD64C50042C9A9 /* AnimeLoaderService.swift in Sources */ = {isa = PBXBuildFile; fileRef = DDB0DEC02CFD64C50042C9A9 /* AnimeLoaderService.swift */; };
		DDB0DEC32CFD67070042C9A9 /* Response.swift in Sources */ = {isa = PBXBuildFile; fileRef = DDB0DEC22CFD67070042C9A9 /* Response.swift */; };
		DDB0DEC52CFD83380042C9A9 /* Anime.swift in Sources */ = {isa = PBXBuildFile; fileRef = DDB0DEC42CFD83380042C9A9 /* Anime.swift */; };
		DDB0DEC72CFDA72C0042C9A9 /* GenericViewController.swift in Sources */ = {isa = PBXBuildFile; fileRef = DDB0DEC62CFDA72C0042C9A9 /* GenericViewController.swift */; };
/* End PBXBuildFile section */

/* Begin PBXFileReference section */
		DDA763392CFAA915000E77FA /* InfinityFeed.app */ = {isa = PBXFileReference; explicitFileType = wrapper.application; includeInIndex = 0; path = InfinityFeed.app; sourceTree = BUILT_PRODUCTS_DIR; };
		DDA7633C2CFAA915000E77FA /* AppDelegate.swift */ = {isa = PBXFileReference; lastKnownFileType = sourcecode.swift; path = AppDelegate.swift; sourceTree = "<group>"; };
		DDA7633E2CFAA915000E77FA /* SceneDelegate.swift */ = {isa = PBXFileReference; lastKnownFileType = sourcecode.swift; path = SceneDelegate.swift; sourceTree = "<group>"; };
		DDA763402CFAA915000E77FA /* FeedViewController.swift */ = {isa = PBXFileReference; lastKnownFileType = sourcecode.swift; path = FeedViewController.swift; sourceTree = "<group>"; };
		DDA763452CFAA917000E77FA /* Assets.xcassets */ = {isa = PBXFileReference; lastKnownFileType = folder.assetcatalog; path = Assets.xcassets; sourceTree = "<group>"; };
		DDA763482CFAA917000E77FA /* Base */ = {isa = PBXFileReference; lastKnownFileType = file.storyboard; name = Base; path = Base.lproj/LaunchScreen.storyboard; sourceTree = "<group>"; };
		DDA7634A2CFAA917000E77FA /* Info.plist */ = {isa = PBXFileReference; lastKnownFileType = text.plist.xml; path = Info.plist; sourceTree = "<group>"; };
		DDB0DEC02CFD64C50042C9A9 /* AnimeLoaderService.swift */ = {isa = PBXFileReference; lastKnownFileType = sourcecode.swift; path = AnimeLoaderService.swift; sourceTree = "<group>"; };
		DDB0DEC22CFD67070042C9A9 /* Response.swift */ = {isa = PBXFileReference; lastKnownFileType = sourcecode.swift; path = Response.swift; sourceTree = "<group>"; };
		DDB0DEC42CFD83380042C9A9 /* Anime.swift */ = {isa = PBXFileReference; lastKnownFileType = sourcecode.swift; path = Anime.swift; sourceTree = "<group>"; };
		DDB0DEC62CFDA72C0042C9A9 /* GenericViewController.swift */ = {isa = PBXFileReference; lastKnownFileType = sourcecode.swift; path = GenericViewController.swift; sourceTree = "<group>"; };
/* End PBXFileReference section */

/* Begin PBXFrameworksBuildPhase section */
		DDA763362CFAA915000E77FA /* Frameworks */ = {
			isa = PBXFrameworksBuildPhase;
			buildActionMask = 2147483647;
			files = (
			);
			runOnlyForDeploymentPostprocessing = 0;
		};
/* End PBXFrameworksBuildPhase section */

/* Begin PBXGroup section */
		DDA763302CFAA915000E77FA = {
			isa = PBXGroup;
			children = (
				DDA7633B2CFAA915000E77FA /* InfinityFeed */,
				DDA7633A2CFAA915000E77FA /* Products */,
			);
			sourceTree = "<group>";
		};
		DDA7633A2CFAA915000E77FA /* Products */ = {
			isa = PBXGroup;
			children = (
				DDA763392CFAA915000E77FA /* InfinityFeed.app */,
			);
			name = Products;
			sourceTree = "<group>";
		};
		DDA7633B2CFAA915000E77FA /* InfinityFeed */ = {
			isa = PBXGroup;
			children = (
				DDA9D6822CFC1CAE00C9D2A9 /* Models */,
				DDA9D67F2CFC1C9600C9D2A9 /* Screens */,
				DDA9D6812CFC1CA500C9D2A9 /* Network */,
				DDA9D6802CFC1C9A00C9D2A9 /* Persistence */,
				DDA9D67E2CFC1C5100C9D2A9 /* Helpers */,
				DDA9D67D2CFC1C4100C9D2A9 /* Resources */,
			);
			path = InfinityFeed;
			sourceTree = "<group>";
		};
		DDA9D67D2CFC1C4100C9D2A9 /* Resources */ = {
			isa = PBXGroup;
			children = (
				DDA7633C2CFAA915000E77FA /* AppDelegate.swift */,
				DDA7633E2CFAA915000E77FA /* SceneDelegate.swift */,
				DDA763472CFAA917000E77FA /* LaunchScreen.storyboard */,
				DDA763452CFAA917000E77FA /* Assets.xcassets */,
				DDA7634A2CFAA917000E77FA /* Info.plist */,
			);
			path = Resources;
			sourceTree = "<group>";
		};
		DDA9D67E2CFC1C5100C9D2A9 /* Helpers */ = {
			isa = PBXGroup;
			children = (
				DDB0DEC62CFDA72C0042C9A9 /* GenericViewController.swift */,
			);
			path = Helpers;
			sourceTree = "<group>";
		};
		DDA9D67F2CFC1C9600C9D2A9 /* Screens */ = {
			isa = PBXGroup;
			children = (
				DDB0DEBF2CFD41FF0042C9A9 /* Feed */,
			);
			path = Screens;
			sourceTree = "<group>";
		};
		DDA9D6802CFC1C9A00C9D2A9 /* Persistence */ = {
			isa = PBXGroup;
			children = (
			);
			path = Persistence;
			sourceTree = "<group>";
		};
		DDA9D6812CFC1CA500C9D2A9 /* Network */ = {
			isa = PBXGroup;
			children = (
				DDB0DEC02CFD64C50042C9A9 /* AnimeLoaderService.swift */,
			);
			path = Network;
			sourceTree = "<group>";
		};
		DDA9D6822CFC1CAE00C9D2A9 /* Models */ = {
			isa = PBXGroup;
			children = (
				DDB0DEC22CFD67070042C9A9 /* Response.swift */,
				DDB0DEC42CFD83380042C9A9 /* Anime.swift */,
			);
			path = Models;
			sourceTree = "<group>";
		};
		DDB0DEBF2CFD41FF0042C9A9 /* Feed */ = {
			isa = PBXGroup;
			children = (
				DDA763402CFAA915000E77FA /* FeedViewController.swift */,
			);
			path = Feed;
			sourceTree = "<group>";
		};
/* End PBXGroup section */

/* Begin PBXNativeTarget section */
		DDA763382CFAA915000E77FA /* InfinityFeed */ = {
			isa = PBXNativeTarget;
			buildConfigurationList = DDA7634D2CFAA917000E77FA /* Build configuration list for PBXNativeTarget "InfinityFeed" */;
			buildPhases = (
				DDA763352CFAA915000E77FA /* Sources */,
				DDA763362CFAA915000E77FA /* Frameworks */,
				DDA763372CFAA915000E77FA /* Resources */,
			);
			buildRules = (
			);
			dependencies = (
			);
			name = InfinityFeed;
			productName = InfinityFeed;
			productReference = DDA763392CFAA915000E77FA /* InfinityFeed.app */;
			productType = "com.apple.product-type.application";
		};
/* End PBXNativeTarget section */

/* Begin PBXProject section */
		DDA763312CFAA915000E77FA /* Project object */ = {
			isa = PBXProject;
			attributes = {
				BuildIndependentTargetsInParallel = 1;
				LastSwiftUpdateCheck = 1420;
				LastUpgradeCheck = 1420;
				TargetAttributes = {
					DDA763382CFAA915000E77FA = {
						CreatedOnToolsVersion = 14.2;
					};
				};
			};
			buildConfigurationList = DDA763342CFAA915000E77FA /* Build configuration list for PBXProject "InfinityFeed" */;
			compatibilityVersion = "Xcode 14.0";
			developmentRegion = en;
			hasScannedForEncodings = 0;
			knownRegions = (
				en,
				Base,
			);
			mainGroup = DDA763302CFAA915000E77FA;
			productRefGroup = DDA7633A2CFAA915000E77FA /* Products */;
			projectDirPath = "";
			projectRoot = "";
			targets = (
				DDA763382CFAA915000E77FA /* InfinityFeed */,
			);
		};
/* End PBXProject section */

/* Begin PBXResourcesBuildPhase section */
		DDA763372CFAA915000E77FA /* Resources */ = {
			isa = PBXResourcesBuildPhase;
			buildActionMask = 2147483647;
			files = (
				DDA763492CFAA917000E77FA /* LaunchScreen.storyboard in Resources */,
				DDA763462CFAA917000E77FA /* Assets.xcassets in Resources */,
			);
			runOnlyForDeploymentPostprocessing = 0;
		};
/* End PBXResourcesBuildPhase section */

/* Begin PBXSourcesBuildPhase section */
		DDA763352CFAA915000E77FA /* Sources */ = {
			isa = PBXSourcesBuildPhase;
			buildActionMask = 2147483647;
			files = (
				DDA763412CFAA915000E77FA /* FeedViewController.swift in Sources */,
				DDA7633D2CFAA915000E77FA /* AppDelegate.swift in Sources */,
				DDB0DEC32CFD67070042C9A9 /* Response.swift in Sources */,
				DDA7633F2CFAA915000E77FA /* SceneDelegate.swift in Sources */,
				DDB0DEC72CFDA72C0042C9A9 /* GenericViewController.swift in Sources */,
				DDB0DEC12CFD64C50042C9A9 /* AnimeLoaderService.swift in Sources */,
				DDB0DEC52CFD83380042C9A9 /* Anime.swift in Sources */,
			);
			runOnlyForDeploymentPostprocessing = 0;
		};
/* End PBXSourcesBuildPhase section */

/* Begin PBXVariantGroup section */
		DDA763472CFAA917000E77FA /* LaunchScreen.storyboard */ = {
			isa = PBXVariantGroup;
			children = (
				DDA763482CFAA917000E77FA /* Base */,
			);
			name = LaunchScreen.storyboard;
			sourceTree = "<group>";
		};
/* End PBXVariantGroup section */

/* Begin XCBuildConfiguration section */
		DDA7634B2CFAA917000E77FA /* Debug */ = {
			isa = XCBuildConfiguration;
			buildSettings = {
				ALWAYS_SEARCH_USER_PATHS = NO;
				CLANG_ANALYZER_NONNULL = YES;
				CLANG_ANALYZER_NUMBER_OBJECT_CONVERSION = YES_AGGRESSIVE;
				CLANG_CXX_LANGUAGE_STANDARD = "gnu++20";
				CLANG_ENABLE_MODULES = YES;
				CLANG_ENABLE_OBJC_ARC = YES;
				CLANG_ENABLE_OBJC_WEAK = YES;
				CLANG_WARN_BLOCK_CAPTURE_AUTORELEASING = YES;
				CLANG_WARN_BOOL_CONVERSION = YES;
				CLANG_WARN_COMMA = YES;
				CLANG_WARN_CONSTANT_CONVERSION = YES;
				CLANG_WARN_DEPRECATED_OBJC_IMPLEMENTATIONS = YES;
				CLANG_WARN_DIRECT_OBJC_ISA_USAGE = YES_ERROR;
				CLANG_WARN_DOCUMENTATION_COMMENTS = YES;
				CLANG_WARN_EMPTY_BODY = YES;
				CLANG_WARN_ENUM_CONVERSION = YES;
				CLANG_WARN_INFINITE_RECURSION = YES;
				CLANG_WARN_INT_CONVERSION = YES;
				CLANG_WARN_NON_LITERAL_NULL_CONVERSION = YES;
				CLANG_WARN_OBJC_IMPLICIT_RETAIN_SELF = YES;
				CLANG_WARN_OBJC_LITERAL_CONVERSION = YES;
				CLANG_WARN_OBJC_ROOT_CLASS = YES_ERROR;
				CLANG_WARN_QUOTED_INCLUDE_IN_FRAMEWORK_HEADER = YES;
				CLANG_WARN_RANGE_LOOP_ANALYSIS = YES;
				CLANG_WARN_STRICT_PROTOTYPES = YES;
				CLANG_WARN_SUSPICIOUS_MOVE = YES;
				CLANG_WARN_UNGUARDED_AVAILABILITY = YES_AGGRESSIVE;
				CLANG_WARN_UNREACHABLE_CODE = YES;
				CLANG_WARN__DUPLICATE_METHOD_MATCH = YES;
				COPY_PHASE_STRIP = NO;
				DEBUG_INFORMATION_FORMAT = dwarf;
				ENABLE_STRICT_OBJC_MSGSEND = YES;
				ENABLE_TESTABILITY = YES;
				GCC_C_LANGUAGE_STANDARD = gnu11;
				GCC_DYNAMIC_NO_PIC = NO;
				GCC_NO_COMMON_BLOCKS = YES;
				GCC_OPTIMIZATION_LEVEL = 0;
				GCC_PREPROCESSOR_DEFINITIONS = (
					"DEBUG=1",
					"$(inherited)",
				);
				GCC_WARN_64_TO_32_BIT_CONVERSION = YES;
				GCC_WARN_ABOUT_RETURN_TYPE = YES_ERROR;
				GCC_WARN_UNDECLARED_SELECTOR = YES;
				GCC_WARN_UNINITIALIZED_AUTOS = YES_AGGRESSIVE;
				GCC_WARN_UNUSED_FUNCTION = YES;
				GCC_WARN_UNUSED_VARIABLE = YES;
				IPHONEOS_DEPLOYMENT_TARGET = 15.0;
				MTL_ENABLE_DEBUG_INFO = INCLUDE_SOURCE;
				MTL_FAST_MATH = YES;
				ONLY_ACTIVE_ARCH = YES;
				SDKROOT = iphoneos;
				SWIFT_ACTIVE_COMPILATION_CONDITIONS = DEBUG;
				SWIFT_OPTIMIZATION_LEVEL = "-Onone";
			};
			name = Debug;
		};
		DDA7634C2CFAA917000E77FA /* Release */ = {
			isa = XCBuildConfiguration;
			buildSettings = {
				ALWAYS_SEARCH_USER_PATHS = NO;
				CLANG_ANALYZER_NONNULL = YES;
				CLANG_ANALYZER_NUMBER_OBJECT_CONVERSION = YES_AGGRESSIVE;
				CLANG_CXX_LANGUAGE_STANDARD = "gnu++20";
				CLANG_ENABLE_MODULES = YES;
				CLANG_ENABLE_OBJC_ARC = YES;
				CLANG_ENABLE_OBJC_WEAK = YES;
				CLANG_WARN_BLOCK_CAPTURE_AUTORELEASING = YES;
				CLANG_WARN_BOOL_CONVERSION = YES;
				CLANG_WARN_COMMA = YES;
				CLANG_WARN_CONSTANT_CONVERSION = YES;
				CLANG_WARN_DEPRECATED_OBJC_IMPLEMENTATIONS = YES;
				CLANG_WARN_DIRECT_OBJC_ISA_USAGE = YES_ERROR;
				CLANG_WARN_DOCUMENTATION_COMMENTS = YES;
				CLANG_WARN_EMPTY_BODY = YES;
				CLANG_WARN_ENUM_CONVERSION = YES;
				CLANG_WARN_INFINITE_RECURSION = YES;
				CLANG_WARN_INT_CONVERSION = YES;
				CLANG_WARN_NON_LITERAL_NULL_CONVERSION = YES;
				CLANG_WARN_OBJC_IMPLICIT_RETAIN_SELF = YES;
				CLANG_WARN_OBJC_LITERAL_CONVERSION = YES;
				CLANG_WARN_OBJC_ROOT_CLASS = YES_ERROR;
				CLANG_WARN_QUOTED_INCLUDE_IN_FRAMEWORK_HEADER = YES;
				CLANG_WARN_RANGE_LOOP_ANALYSIS = YES;
				CLANG_WARN_STRICT_PROTOTYPES = YES;
				CLANG_WARN_SUSPICIOUS_MOVE = YES;
				CLANG_WARN_UNGUARDED_AVAILABILITY = YES_AGGRESSIVE;
				CLANG_WARN_UNREACHABLE_CODE = YES;
				CLANG_WARN__DUPLICATE_METHOD_MATCH = YES;
				COPY_PHASE_STRIP = NO;
				DEBUG_INFORMATION_FORMAT = "dwarf-with-dsym";
				ENABLE_NS_ASSERTIONS = NO;
				ENABLE_STRICT_OBJC_MSGSEND = YES;
				GCC_C_LANGUAGE_STANDARD = gnu11;
				GCC_NO_COMMON_BLOCKS = YES;
				GCC_WARN_64_TO_32_BIT_CONVERSION = YES;
				GCC_WARN_ABOUT_RETURN_TYPE = YES_ERROR;
				GCC_WARN_UNDECLARED_SELECTOR = YES;
				GCC_WARN_UNINITIALIZED_AUTOS = YES_AGGRESSIVE;
				GCC_WARN_UNUSED_FUNCTION = YES;
				GCC_WARN_UNUSED_VARIABLE = YES;
				IPHONEOS_DEPLOYMENT_TARGET = 15.0;
				MTL_ENABLE_DEBUG_INFO = NO;
				MTL_FAST_MATH = YES;
				SDKROOT = iphoneos;
				SWIFT_COMPILATION_MODE = wholemodule;
				SWIFT_OPTIMIZATION_LEVEL = "-O";
				VALIDATE_PRODUCT = YES;
			};
			name = Release;
		};
		DDA7634E2CFAA917000E77FA /* Debug */ = {
			isa = XCBuildConfiguration;
			buildSettings = {
				ASSETCATALOG_COMPILER_APPICON_NAME = AppIcon;
				ASSETCATALOG_COMPILER_GLOBAL_ACCENT_COLOR_NAME = AccentColor;
				CODE_SIGN_STYLE = Automatic;
				CURRENT_PROJECT_VERSION = 1;
				DEVELOPMENT_TEAM = 7YW3V66545;
				GENERATE_INFOPLIST_FILE = YES;
				INFOPLIST_FILE = InfinityFeed/Resources/Info.plist;
				INFOPLIST_KEY_UIApplicationSupportsIndirectInputEvents = YES;
				INFOPLIST_KEY_UILaunchStoryboardName = LaunchScreen;
				INFOPLIST_KEY_UISupportedInterfaceOrientations_iPad = "UIInterfaceOrientationPortrait UIInterfaceOrientationPortraitUpsideDown UIInterfaceOrientationLandscapeLeft UIInterfaceOrientationLandscapeRight";
				INFOPLIST_KEY_UISupportedInterfaceOrientations_iPhone = "UIInterfaceOrientationPortrait UIInterfaceOrientationLandscapeLeft UIInterfaceOrientationLandscapeRight";
				LD_RUNPATH_SEARCH_PATHS = (
					"$(inherited)",
					"@executable_path/Frameworks",
				);
				MARKETING_VERSION = 1.0;
				PRODUCT_BUNDLE_IDENTIFIER = HieroniusTeam.InfinityFeed;
				PRODUCT_NAME = "$(TARGET_NAME)";
				SWIFT_EMIT_LOC_STRINGS = YES;
				SWIFT_VERSION = 5.0;
				TARGETED_DEVICE_FAMILY = "1,2";
			};
			name = Debug;
		};
		DDA7634F2CFAA917000E77FA /* Release */ = {
			isa = XCBuildConfiguration;
			buildSettings = {
				ASSETCATALOG_COMPILER_APPICON_NAME = AppIcon;
				ASSETCATALOG_COMPILER_GLOBAL_ACCENT_COLOR_NAME = AccentColor;
				CODE_SIGN_STYLE = Automatic;
				CURRENT_PROJECT_VERSION = 1;
				DEVELOPMENT_TEAM = 7YW3V66545;
				GENERATE_INFOPLIST_FILE = YES;
				INFOPLIST_FILE = InfinityFeed/Resources/Info.plist;
				INFOPLIST_KEY_UIApplicationSupportsIndirectInputEvents = YES;
				INFOPLIST_KEY_UILaunchStoryboardName = LaunchScreen;
				INFOPLIST_KEY_UISupportedInterfaceOrientations_iPad = "UIInterfaceOrientationPortrait UIInterfaceOrientationPortraitUpsideDown UIInterfaceOrientationLandscapeLeft UIInterfaceOrientationLandscapeRight";
				INFOPLIST_KEY_UISupportedInterfaceOrientations_iPhone = "UIInterfaceOrientationPortrait UIInterfaceOrientationLandscapeLeft UIInterfaceOrientationLandscapeRight";
				LD_RUNPATH_SEARCH_PATHS = (
					"$(inherited)",
					"@executable_path/Frameworks",
				);
				MARKETING_VERSION = 1.0;
				PRODUCT_BUNDLE_IDENTIFIER = HieroniusTeam.InfinityFeed;
				PRODUCT_NAME = "$(TARGET_NAME)";
				SWIFT_EMIT_LOC_STRINGS = YES;
				SWIFT_VERSION = 5.0;
				TARGETED_DEVICE_FAMILY = "1,2";
			};
			name = Release;
		};
/* End XCBuildConfiguration section */

/* Begin XCConfigurationList section */
		DDA763342CFAA915000E77FA /* Build configuration list for PBXProject "InfinityFeed" */ = {
			isa = XCConfigurationList;
			buildConfigurations = (
				DDA7634B2CFAA917000E77FA /* Debug */,
				DDA7634C2CFAA917000E77FA /* Release */,
			);
			defaultConfigurationIsVisible = 0;
			defaultConfigurationName = Release;
		};
		DDA7634D2CFAA917000E77FA /* Build configuration list for PBXNativeTarget "InfinityFeed" */ = {
			isa = XCConfigurationList;
			buildConfigurations = (
				DDA7634E2CFAA917000E77FA /* Debug */,
				DDA7634F2CFAA917000E77FA /* Release */,
			);
			defaultConfigurationIsVisible = 0;
			defaultConfigurationName = Release;
		};
/* End XCConfigurationList section */
	};
	rootObject = DDA763312CFAA915000E77FA /* Project object */;
}
